
Microsoft Visual Studio Solution File, Format Version 12.00
# Visual Studio Version 16
VisualStudioVersion = 16.0.30413.136
MinimumVisualStudioVersion = 10.0.40219.1
Project("{FAE04EC0-301F-11D3-BF4B-00C04F79EFBC}") = "WindowsFormsApp1", "WindowsFormsApp1\WindowsFormsApp1.csproj", "{53EAA09B-3919-4466-9A9C-E3A96FDE200D}"
EndProject
Global
	GlobalSection(SolutionConfigurationPlatforms) = preSolution
		Debug|Any CPU = Debug|Any CPU
		Release|Any CPU = Release|Any CPU
	EndGlobalSection
	GlobalSection(ProjectConfigurationPlatforms) = postSolution
		{53EAA09B-3919-4466-9A9C-E3A96FDE200D}.Debug|Any CPU.ActiveCfg = Debug|Any CPU
		{53EAA09B-3919-4466-9A9C-E3A96FDE200D}.Debug|Any CPU.Build.0 = Debug|Any CPU
		{53EAA09B-3919-4466-9A9C-E3A96FDE200D}.Release|Any CPU.ActiveCfg = Release|Any CPU
		{53EAA09B-3919-4466-9A9C-E3A96FDE200D}.Release|Any CPU.Build.0 = Release|Any CPU
	EndGlobalSection
	GlobalSection(SolutionProperties) = preSolution
		HideSolutionNode = FALSE
	EndGlobalSection
	GlobalSection(ExtensibilityGlobals) = postSolution
		SolutionGuid = {2A759387-3280-47FE-B40A-ED33F5E219A0}
	EndGlobalSection
EndGlobal
